
Microsoft Visual Studio Solution File, Format Version 12.00
# Visual Studio Version 17
VisualStudioVersion = 17.9.34728.123
MinimumVisualStudioVersion = 10.0.40219.1
Project("{FAE04EC0-301F-11D3-BF4B-00C04F79EFBC}") = "WorldRecipes", "WorldRecipes\WorldRecipes.csproj", "{D78E3A03-6CCA-49FA-A836-68744363EE7D}"
EndProject
Global
	GlobalSection(SolutionConfigurationPlatforms) = preSolution
		Debug|Any CPU = Debug|Any CPU
		Release|Any CPU = Release|Any CPU
	EndGlobalSection
	GlobalSection(ProjectConfigurationPlatforms) = postSolution
		{D78E3A03-6CCA-49FA-A836-68744363EE7D}.Debug|Any CPU.ActiveCfg = Debug|Any CPU
		{D78E3A03-6CCA-49FA-A836-68744363EE7D}.Debug|Any CPU.Build.0 = Debug|Any CPU
		{D78E3A03-6CCA-49FA-A836-68744363EE7D}.Release|Any CPU.ActiveCfg = Release|Any CPU
		{D78E3A03-6CCA-49FA-A836-68744363EE7D}.Release|Any CPU.Build.0 = Release|Any CPU
	EndGlobalSection
	GlobalSection(SolutionProperties) = preSolution
		HideSolutionNode = FALSE
	EndGlobalSection
	GlobalSection(ExtensibilityGlobals) = postSolution
		SolutionGuid = {DA924F98-8BCE-41A3-9047-6BBB48638E3E}
	EndGlobalSection
EndGlobal
